
Microsoft Visual Studio Solution File, Format Version 12.00
# Visual Studio Version 17
VisualStudioVersion = 17.7.34202.233
MinimumVisualStudioVersion = 10.0.40219.1
Project("{9A19103F-16F7-4668-BE54-9A1E7A4F7556}") = "Cricut.Orders.Api", "Cricut.Orders.Api\Cricut.Orders.Api.csproj", "{FF2F22C8-FD38-44DE-988D-96FB40A946D4}"
EndProject
Project("{9A19103F-16F7-4668-BE54-9A1E7A4F7556}") = "Cricut.Orders.Domain", "Cricut.Orders.Domain\Cricut.Orders.Domain.csproj", "{7BA4EB88-3D4A-4C42-8007-5866D97208BA}"
EndProject
Project("{9A19103F-16F7-4668-BE54-9A1E7A4F7556}") = "Cricut.Orders.Infrastructure", "Cricut.Orders.Infrastructure\Cricut.Orders.Infrastructure.csproj", "{18C819F0-C06B-49EC-A821-A538726118EE}"
EndProject
Project("{9A19103F-16F7-4668-BE54-9A1E7A4F7556}") = "Cricut.Orders.Tests", "Cricut.Orders.Tests\Cricut.Orders.Tests.csproj", "{89D4A176-ED01-49B8-8C76-C3D3C871E32E}"
EndProject
Project("{FAE04EC0-301F-11D3-BF4B-00C04F79EFBC}") = "Cricut.Orders.Integration.Tests", "Cricut.Orders.Integration.Tests\Cricut.Orders.Integration.Tests.csproj", "{27A49260-DB77-4696-A882-4009D8803511}"
EndProject
Global
	GlobalSection(SolutionConfigurationPlatforms) = preSolution
		Debug|Any CPU = Debug|Any CPU
		Release|Any CPU = Release|Any CPU
	EndGlobalSection
	GlobalSection(ProjectConfigurationPlatforms) = postSolution
		{FF2F22C8-FD38-44DE-988D-96FB40A946D4}.Debug|Any CPU.ActiveCfg = Debug|Any CPU
		{FF2F22C8-FD38-44DE-988D-96FB40A946D4}.Debug|Any CPU.Build.0 = Debug|Any CPU
		{FF2F22C8-FD38-44DE-988D-96FB40A946D4}.Release|Any CPU.ActiveCfg = Release|Any CPU
		{FF2F22C8-FD38-44DE-988D-96FB40A946D4}.Release|Any CPU.Build.0 = Release|Any CPU
		{7BA4EB88-3D4A-4C42-8007-5866D97208BA}.Debug|Any CPU.ActiveCfg = Debug|Any CPU
		{7BA4EB88-3D4A-4C42-8007-5866D97208BA}.Debug|Any CPU.Build.0 = Debug|Any CPU
		{7BA4EB88-3D4A-4C42-8007-5866D97208BA}.Release|Any CPU.ActiveCfg = Release|Any CPU
		{7BA4EB88-3D4A-4C42-8007-5866D97208BA}.Release|Any CPU.Build.0 = Release|Any CPU
		{18C819F0-C06B-49EC-A821-A538726118EE}.Debug|Any CPU.ActiveCfg = Debug|Any CPU
		{18C819F0-C06B-49EC-A821-A538726118EE}.Debug|Any CPU.Build.0 = Debug|Any CPU
		{18C819F0-C06B-49EC-A821-A538726118EE}.Release|Any CPU.ActiveCfg = Release|Any CPU
		{18C819F0-C06B-49EC-A821-A538726118EE}.Release|Any CPU.Build.0 = Release|Any CPU
		{89D4A176-ED01-49B8-8C76-C3D3C871E32E}.Debug|Any CPU.ActiveCfg = Debug|Any CPU
		{89D4A176-ED01-49B8-8C76-C3D3C871E32E}.Debug|Any CPU.Build.0 = Debug|Any CPU
		{89D4A176-ED01-49B8-8C76-C3D3C871E32E}.Release|Any CPU.ActiveCfg = Release|Any CPU
		{89D4A176-ED01-49B8-8C76-C3D3C871E32E}.Release|Any CPU.Build.0 = Release|Any CPU
		{27A49260-DB77-4696-A882-4009D8803511}.Debug|Any CPU.ActiveCfg = Debug|Any CPU
		{27A49260-DB77-4696-A882-4009D8803511}.Debug|Any CPU.Build.0 = Debug|Any CPU
		{27A49260-DB77-4696-A882-4009D8803511}.Release|Any CPU.ActiveCfg = Release|Any CPU
		{27A49260-DB77-4696-A882-4009D8803511}.Release|Any CPU.Build.0 = Release|Any CPU
	EndGlobalSection
	GlobalSection(SolutionProperties) = preSolution
		HideSolutionNode = FALSE
	EndGlobalSection
	GlobalSection(ExtensibilityGlobals) = postSolution
		SolutionGuid = {E6490A2D-25A5-4199-91F6-B1E7169EC373}
	EndGlobalSection
EndGlobal
